
Microsoft Visual Studio Solution File, Format Version 12.00
# Visual Studio Version 17
VisualStudioVersion = 17.9.34622.214
MinimumVisualStudioVersion = 10.0.40219.1
Project("{9A19103F-16F7-4668-BE54-9A1E7A4F7556}") = "Aoun", "Aoun.csproj", "{7E1753BF-2232-42DC-92AE-1E581AA88CCE}"
EndProject
Project("{FAE04EC0-301F-11D3-BF4B-00C04F79EFBC}") = "Aoun.Tests", "..\Aoun.Tests\Aoun.Tests.csproj", "{D9424202-7ADD-4628-B624-6CD30789EAA2}"
EndProject
Global
	GlobalSection(SolutionConfigurationPlatforms) = preSolution
		Debug|Any CPU = Debug|Any CPU
		Release|Any CPU = Release|Any CPU
	EndGlobalSection
	GlobalSection(ProjectConfigurationPlatforms) = postSolution
		{7E1753BF-2232-42DC-92AE-1E581AA88CCE}.Debug|Any CPU.ActiveCfg = Debug|Any CPU
		{7E1753BF-2232-42DC-92AE-1E581AA88CCE}.Debug|Any CPU.Build.0 = Debug|Any CPU
		{7E1753BF-2232-42DC-92AE-1E581AA88CCE}.Release|Any CPU.ActiveCfg = Release|Any CPU
		{7E1753BF-2232-42DC-92AE-1E581AA88CCE}.Release|Any CPU.Build.0 = Release|Any CPU
		{D9424202-7ADD-4628-B624-6CD30789EAA2}.Debug|Any CPU.ActiveCfg = Debug|Any CPU
		{D9424202-7ADD-4628-B624-6CD30789EAA2}.Debug|Any CPU.Build.0 = Debug|Any CPU
		{D9424202-7ADD-4628-B624-6CD30789EAA2}.Release|Any CPU.ActiveCfg = Release|Any CPU
		{D9424202-7ADD-4628-B624-6CD30789EAA2}.Release|Any CPU.Build.0 = Release|Any CPU
	EndGlobalSection
	GlobalSection(SolutionProperties) = preSolution
		HideSolutionNode = FALSE
	EndGlobalSection
	GlobalSection(ExtensibilityGlobals) = postSolution
		SolutionGuid = {D6E36928-06B2-4413-B6D5-7D03F3961FBD}
	EndGlobalSection
EndGlobal
